
Microsoft Visual Studio Solution File, Format Version 12.00
# Visual Studio 14
VisualStudioVersion = 14.0.25123.0
MinimumVisualStudioVersion = 10.0.40219.1
Project("{FAE04EC0-301F-11D3-BF4B-00C04F79EFBC}") = "ConsumingServices", "ConsumingServices\ConsumingServices.csproj", "{3225D61E-358B-485D-BC3C-8FD167A47444}"
EndProject
Project("{FAE04EC0-301F-11D3-BF4B-00C04F79EFBC}") = "ReplacingServices", "ReplacingServices\ReplacingServices.csproj", "{AE3E3838-3B09-428F-9461-1BB6766C61E8}"
EndProject
Project("{FAE04EC0-301F-11D3-BF4B-00C04F79EFBC}") = "Conventions", "Conventions\Conventions.csproj", "{F3F37038-F36A-41B5-A5A4-C9A5D2C9FFAA}"
EndProject
Project("{FAE04EC0-301F-11D3-BF4B-00C04F79EFBC}") = "FromSql", "FromSql\FromSql.csproj", "{3F2F9293-1273-463E-8390-C0A36CF668CE}"
EndProject
Project("{FAE04EC0-301F-11D3-BF4B-00C04F79EFBC}") = "Batching", "Batching\Batching.csproj", "{35879DFA-680D-466F-B6F8-684B3AA4D02F}"
EndProject
Project("{FAE04EC0-301F-11D3-BF4B-00C04F79EFBC}") = "Metadata", "Metadata\Metadata.csproj", "{CD445D9A-8920-44C9-A80D-5EB1C13C970D}"
EndProject
Project("{FAE04EC0-301F-11D3-BF4B-00C04F79EFBC}") = "EFCore101", "EFCore101\EFCore101.csproj", "{EBF62078-6C33-4C87-9E8C-9A1EC2384A3B}"
EndProject
Global
	GlobalSection(SolutionConfigurationPlatforms) = preSolution
		Debug|Any CPU = Debug|Any CPU
		Debug|ARM = Debug|ARM
		Debug|x64 = Debug|x64
		Debug|x86 = Debug|x86
		Release|Any CPU = Release|Any CPU
		Release|ARM = Release|ARM
		Release|x64 = Release|x64
		Release|x86 = Release|x86
	EndGlobalSection
	GlobalSection(ProjectConfigurationPlatforms) = postSolution
		{3225D61E-358B-485D-BC3C-8FD167A47444}.Debug|Any CPU.ActiveCfg = Debug|Any CPU
		{3225D61E-358B-485D-BC3C-8FD167A47444}.Debug|Any CPU.Build.0 = Debug|Any CPU
		{3225D61E-358B-485D-BC3C-8FD167A47444}.Debug|ARM.ActiveCfg = Debug|Any CPU
		{3225D61E-358B-485D-BC3C-8FD167A47444}.Debug|ARM.Build.0 = Debug|Any CPU
		{3225D61E-358B-485D-BC3C-8FD167A47444}.Debug|x64.ActiveCfg = Debug|Any CPU
		{3225D61E-358B-485D-BC3C-8FD167A47444}.Debug|x64.Build.0 = Debug|Any CPU
		{3225D61E-358B-485D-BC3C-8FD167A47444}.Debug|x86.ActiveCfg = Debug|Any CPU
		{3225D61E-358B-485D-BC3C-8FD167A47444}.Debug|x86.Build.0 = Debug|Any CPU
		{3225D61E-358B-485D-BC3C-8FD167A47444}.Release|Any CPU.ActiveCfg = Release|Any CPU
		{3225D61E-358B-485D-BC3C-8FD167A47444}.Release|Any CPU.Build.0 = Release|Any CPU
		{3225D61E-358B-485D-BC3C-8FD167A47444}.Release|ARM.ActiveCfg = Release|Any CPU
		{3225D61E-358B-485D-BC3C-8FD167A47444}.Release|ARM.Build.0 = Release|Any CPU
		{3225D61E-358B-485D-BC3C-8FD167A47444}.Release|x64.ActiveCfg = Release|Any CPU
		{3225D61E-358B-485D-BC3C-8FD167A47444}.Release|x64.Build.0 = Release|Any CPU
		{3225D61E-358B-485D-BC3C-8FD167A47444}.Release|x86.ActiveCfg = Release|Any CPU
		{3225D61E-358B-485D-BC3C-8FD167A47444}.Release|x86.Build.0 = Release|Any CPU
		{AE3E3838-3B09-428F-9461-1BB6766C61E8}.Debug|Any CPU.ActiveCfg = Debug|Any CPU
		{AE3E3838-3B09-428F-9461-1BB6766C61E8}.Debug|Any CPU.Build.0 = Debug|Any CPU
		{AE3E3838-3B09-428F-9461-1BB6766C61E8}.Debug|ARM.ActiveCfg = Debug|Any CPU
		{AE3E3838-3B09-428F-9461-1BB6766C61E8}.Debug|ARM.Build.0 = Debug|Any CPU
		{AE3E3838-3B09-428F-9461-1BB6766C61E8}.Debug|x64.ActiveCfg = Debug|Any CPU
		{AE3E3838-3B09-428F-9461-1BB6766C61E8}.Debug|x64.Build.0 = Debug|Any CPU
		{AE3E3838-3B09-428F-9461-1BB6766C61E8}.Debug|x86.ActiveCfg = Debug|Any CPU
		{AE3E3838-3B09-428F-9461-1BB6766C61E8}.Debug|x86.Build.0 = Debug|Any CPU
		{AE3E3838-3B09-428F-9461-1BB6766C61E8}.Release|Any CPU.ActiveCfg = Release|Any CPU
		{AE3E3838-3B09-428F-9461-1BB6766C61E8}.Release|Any CPU.Build.0 = Release|Any CPU
		{AE3E3838-3B09-428F-9461-1BB6766C61E8}.Release|ARM.ActiveCfg = Release|Any CPU
		{AE3E3838-3B09-428F-9461-1BB6766C61E8}.Release|ARM.Build.0 = Release|Any CPU
		{AE3E3838-3B09-428F-9461-1BB6766C61E8}.Release|x64.ActiveCfg = Release|Any CPU
		{AE3E3838-3B09-428F-9461-1BB6766C61E8}.Release|x64.Build.0 = Release|Any CPU
		{AE3E3838-3B09-428F-9461-1BB6766C61E8}.Release|x86.ActiveCfg = Release|Any CPU
		{AE3E3838-3B09-428F-9461-1BB6766C61E8}.Release|x86.Build.0 = Release|Any CPU
		{F3F37038-F36A-41B5-A5A4-C9A5D2C9FFAA}.Debug|Any CPU.ActiveCfg = Debug|Any CPU
		{F3F37038-F36A-41B5-A5A4-C9A5D2C9FFAA}.Debug|Any CPU.Build.0 = Debug|Any CPU
		{F3F37038-F36A-41B5-A5A4-C9A5D2C9FFAA}.Debug|ARM.ActiveCfg = Debug|Any CPU
		{F3F37038-F36A-41B5-A5A4-C9A5D2C9FFAA}.Debug|ARM.Build.0 = Debug|Any CPU
		{F3F37038-F36A-41B5-A5A4-C9A5D2C9FFAA}.Debug|x64.ActiveCfg = Debug|Any CPU
		{F3F37038-F36A-41B5-A5A4-C9A5D2C9FFAA}.Debug|x64.Build.0 = Debug|Any CPU
		{F3F37038-F36A-41B5-A5A4-C9A5D2C9FFAA}.Debug|x86.ActiveCfg = Debug|Any CPU
		{F3F37038-F36A-41B5-A5A4-C9A5D2C9FFAA}.Debug|x86.Build.0 = Debug|Any CPU
		{F3F37038-F36A-41B5-A5A4-C9A5D2C9FFAA}.Release|Any CPU.ActiveCfg = Release|Any CPU
		{F3F37038-F36A-41B5-A5A4-C9A5D2C9FFAA}.Release|Any CPU.Build.0 = Release|Any CPU
		{F3F37038-F36A-41B5-A5A4-C9A5D2C9FFAA}.Release|ARM.ActiveCfg = Release|Any CPU
		{F3F37038-F36A-41B5-A5A4-C9A5D2C9FFAA}.Release|ARM.Build.0 = Release|Any CPU
		{F3F37038-F36A-41B5-A5A4-C9A5D2C9FFAA}.Release|x64.ActiveCfg = Release|Any CPU
		{F3F37038-F36A-41B5-A5A4-C9A5D2C9FFAA}.Release|x64.Build.0 = Release|Any CPU
		{F3F37038-F36A-41B5-A5A4-C9A5D2C9FFAA}.Release|x86.ActiveCfg = Release|Any CPU
		{F3F37038-F36A-41B5-A5A4-C9A5D2C9FFAA}.Release|x86.Build.0 = Release|Any CPU
		{3F2F9293-1273-463E-8390-C0A36CF668CE}.Debug|Any CPU.ActiveCfg = Debug|Any CPU
		{3F2F9293-1273-463E-8390-C0A36CF668CE}.Debug|Any CPU.Build.0 = Debug|Any CPU
		{3F2F9293-1273-463E-8390-C0A36CF668CE}.Debug|ARM.ActiveCfg = Debug|Any CPU
		{3F2F9293-1273-463E-8390-C0A36CF668CE}.Debug|ARM.Build.0 = Debug|Any CPU
		{3F2F9293-1273-463E-8390-C0A36CF668CE}.Debug|x64.ActiveCfg = Debug|Any CPU
		{3F2F9293-1273-463E-8390-C0A36CF668CE}.Debug|x64.Build.0 = Debug|Any CPU
		{3F2F9293-1273-463E-8390-C0A36CF668CE}.Debug|x86.ActiveCfg = Debug|Any CPU
		{3F2F9293-1273-463E-8390-C0A36CF668CE}.Debug|x86.Build.0 = Debug|Any CPU
		{3F2F9293-1273-463E-8390-C0A36CF668CE}.Release|Any CPU.ActiveCfg = Release|Any CPU
		{3F2F9293-1273-463E-8390-C0A36CF668CE}.Release|Any CPU.Build.0 = Release|Any CPU
		{3F2F9293-1273-463E-8390-C0A36CF668CE}.Release|ARM.ActiveCfg = Release|Any CPU
		{3F2F9293-1273-463E-8390-C0A36CF668CE}.Release|ARM.Build.0 = Release|Any CPU
		{3F2F9293-1273-463E-8390-C0A36CF668CE}.Release|x64.ActiveCfg = Release|Any CPU
		{3F2F9293-1273-463E-8390-C0A36CF668CE}.Release|x64.Build.0 = Release|Any CPU
		{3F2F9293-1273-463E-8390-C0A36CF668CE}.Release|x86.ActiveCfg = Release|Any CPU
		{3F2F9293-1273-463E-8390-C0A36CF668CE}.Release|x86.Build.0 = Release|Any CPU
		{35879DFA-680D-466F-B6F8-684B3AA4D02F}.Debug|Any CPU.ActiveCfg = Debug|Any CPU
		{35879DFA-680D-466F-B6F8-684B3AA4D02F}.Debug|Any CPU.Build.0 = Debug|Any CPU
		{35879DFA-680D-466F-B6F8-684B3AA4D02F}.Debug|ARM.ActiveCfg = Debug|Any CPU
		{35879DFA-680D-466F-B6F8-684B3AA4D02F}.Debug|ARM.Build.0 = Debug|Any CPU
		{35879DFA-680D-466F-B6F8-684B3AA4D02F}.Debug|x64.ActiveCfg = Debug|Any CPU
		{35879DFA-680D-466F-B6F8-684B3AA4D02F}.Debug|x64.Build.0 = Debug|Any CPU
		{35879DFA-680D-466F-B6F8-684B3AA4D02F}.Debug|x86.ActiveCfg = Debug|Any CPU
		{35879DFA-680D-466F-B6F8-684B3AA4D02F}.Debug|x86.Build.0 = Debug|Any CPU
		{35879DFA-680D-466F-B6F8-684B3AA4D02F}.Release|Any CPU.ActiveCfg = Release|Any CPU
		{35879DFA-680D-466F-B6F8-684B3AA4D02F}.Release|Any CPU.Build.0 = Release|Any CPU
		{35879DFA-680D-466F-B6F8-684B3AA4D02F}.Release|ARM.ActiveCfg = Release|Any CPU
		{35879DFA-680D-466F-B6F8-684B3AA4D02F}.Release|ARM.Build.0 = Release|Any CPU
		{35879DFA-680D-466F-B6F8-684B3AA4D02F}.Release|x64.ActiveCfg = Release|Any CPU
		{35879DFA-680D-466F-B6F8-684B3AA4D02F}.Release|x64.Build.0 = Release|Any CPU
		{35879DFA-680D-466F-B6F8-684B3AA4D02F}.Release|x86.ActiveCfg = Release|Any CPU
		{35879DFA-680D-466F-B6F8-684B3AA4D02F}.Release|x86.Build.0 = Release|Any CPU
		{CD445D9A-8920-44C9-A80D-5EB1C13C970D}.Debug|Any CPU.ActiveCfg = Debug|Any CPU
		{CD445D9A-8920-44C9-A80D-5EB1C13C970D}.Debug|Any CPU.Build.0 = Debug|Any CPU
		{CD445D9A-8920-44C9-A80D-5EB1C13C970D}.Debug|ARM.ActiveCfg = Debug|Any CPU
		{CD445D9A-8920-44C9-A80D-5EB1C13C970D}.Debug|ARM.Build.0 = Debug|Any CPU
		{CD445D9A-8920-44C9-A80D-5EB1C13C970D}.Debug|x64.ActiveCfg = Debug|Any CPU
		{CD445D9A-8920-44C9-A80D-5EB1C13C970D}.Debug|x64.Build.0 = Debug|Any CPU
		{CD445D9A-8920-44C9-A80D-5EB1C13C970D}.Debug|x86.ActiveCfg = Debug|Any CPU
		{CD445D9A-8920-44C9-A80D-5EB1C13C970D}.Debug|x86.Build.0 = Debug|Any CPU
		{CD445D9A-8920-44C9-A80D-5EB1C13C970D}.Release|Any CPU.ActiveCfg = Release|Any CPU
		{CD445D9A-8920-44C9-A80D-5EB1C13C970D}.Release|Any CPU.Build.0 = Release|Any CPU
		{CD445D9A-8920-44C9-A80D-5EB1C13C970D}.Release|ARM.ActiveCfg = Release|Any CPU
		{CD445D9A-8920-44C9-A80D-5EB1C13C970D}.Release|ARM.Build.0 = Release|Any CPU
		{CD445D9A-8920-44C9-A80D-5EB1C13C970D}.Release|x64.ActiveCfg = Release|Any CPU
		{CD445D9A-8920-44C9-A80D-5EB1C13C970D}.Release|x64.Build.0 = Release|Any CPU
		{CD445D9A-8920-44C9-A80D-5EB1C13C970D}.Release|x86.ActiveCfg = Release|Any CPU
		{CD445D9A-8920-44C9-A80D-5EB1C13C970D}.Release|x86.Build.0 = Release|Any CPU
		{EBF62078-6C33-4C87-9E8C-9A1EC2384A3B}.Debug|Any CPU.ActiveCfg = Debug|Any CPU
		{EBF62078-6C33-4C87-9E8C-9A1EC2384A3B}.Debug|Any CPU.Build.0 = Debug|Any CPU
		{EBF62078-6C33-4C87-9E8C-9A1EC2384A3B}.Debug|ARM.ActiveCfg = Debug|Any CPU
		{EBF62078-6C33-4C87-9E8C-9A1EC2384A3B}.Debug|ARM.Build.0 = Debug|Any CPU
		{EBF62078-6C33-4C87-9E8C-9A1EC2384A3B}.Debug|x64.ActiveCfg = Debug|Any CPU
		{EBF62078-6C33-4C87-9E8C-9A1EC2384A3B}.Debug|x64.Build.0 = Debug|Any CPU
		{EBF62078-6C33-4C87-9E8C-9A1EC2384A3B}.Debug|x86.ActiveCfg = Debug|Any CPU
		{EBF62078-6C33-4C87-9E8C-9A1EC2384A3B}.Debug|x86.Build.0 = Debug|Any CPU
		{EBF62078-6C33-4C87-9E8C-9A1EC2384A3B}.Release|Any CPU.ActiveCfg = Release|Any CPU
		{EBF62078-6C33-4C87-9E8C-9A1EC2384A3B}.Release|Any CPU.Build.0 = Release|Any CPU
		{EBF62078-6C33-4C87-9E8C-9A1EC2384A3B}.Release|ARM.ActiveCfg = Release|Any CPU
		{EBF62078-6C33-4C87-9E8C-9A1EC2384A3B}.Release|ARM.Build.0 = Release|Any CPU
		{EBF62078-6C33-4C87-9E8C-9A1EC2384A3B}.Release|x64.ActiveCfg = Release|Any CPU
		{EBF62078-6C33-4C87-9E8C-9A1EC2384A3B}.Release|x64.Build.0 = Release|Any CPU
		{EBF62078-6C33-4C87-9E8C-9A1EC2384A3B}.Release|x86.ActiveCfg = Release|Any CPU
		{EBF62078-6C33-4C87-9E8C-9A1EC2384A3B}.Release|x86.Build.0 = Release|Any CPU
	EndGlobalSection
	GlobalSection(SolutionProperties) = preSolution
		HideSolutionNode = FALSE
	EndGlobalSection
EndGlobal
